<?xml version="1.0" encoding="utf-8"?>
<Project ToolsVersion="4.0" xmlns="http://schemas.microsoft.com/developer/msbuild/2003">
  <ItemGroup>
    <Filter Include="win32">
      <UniqueIdentifier>{84a8ebd7-7cf0-47f6-b75e-d441df67da40}</UniqueIdentifier>
    </Filter>
    <Filter Include="resource">
      <UniqueIdentifier>{715254bc-d70b-4ec5-bf29-467dd3ace079}</UniqueIdentifier>
    </Filter>
    <Filter Include="src">
      <UniqueIdentifier>{bb6c862e-70e9-49d9-81b7-3829a6f50471}</UniqueIdentifier>
    </Filter>
    <Filter Include="src\entities">
      <UniqueIdentifier>{c95c8e6d-7ffa-4e87-abac-0030bf588301}</UniqueIdentifier>
    </Filter>
    <Filter Include="src\states">
      <UniqueIdentifier>{2998dbb7-c91e-4124-8961-cadda8c7aac8}</UniqueIdentifier>
    </Filter>
    <Filter Include="src\entities\enemies">
      <UniqueIdentifier>{79e22e41-b9e3-4086-9edf-9d6fcc735d5a}</UniqueIdentifier>
    </Filter>
  </ItemGroup>
  <ItemGroup>
    <ClCompile Include="main.cpp">
      <Filter>win32</Filter>
    </ClCompile>
    <ClCompile Include="..\Classes\AppDelegate.cpp">
      <Filter>src</Filter>
    </ClCompile>
    <ClCompile Include="..\Classes\GameState.cpp">
      <Filter>src\states</Filter>
    </ClCompile>
    <ClCompile Include="..\Classes\Entity.cpp">
      <Filter>src\entities</Filter>
    </ClCompile>
    <ClCompile Include="..\Classes\Player.cpp">
      <Filter>src\entities</Filter>
    </ClCompile>
    <ClCompile Include="..\Classes\Bullet.cpp">
      <Filter>src\entities</Filter>
    </ClCompile>
    <ClCompile Include="..\Classes\Utils.cpp">
      <Filter>src</Filter>
    </ClCompile>
    <ClCompile Include="..\Classes\EnemyScout.cpp">
      <Filter>src\entities\enemies</Filter>
    </ClCompile>
    <ClCompile Include="..\Classes\MainMenuState.cpp">
      <Filter>src\states</Filter>
    </ClCompile>
    <ClCompile Include="..\Classes\Wall.cpp">
      <Filter>src\entities</Filter>
    </ClCompile>
    <ClCompile Include="..\Classes\Physics.cpp">
      <Filter>src</Filter>
    </ClCompile>
  </ItemGroup>
  <ItemGroup>
    <ClInclude Include="main.h">
      <Filter>win32</Filter>
    </ClInclude>
    <ClInclude Include="..\Classes\AppDelegate.h">
      <Filter>src</Filter>
    </ClInclude>
    <ClInclude Include="..\Classes\GameState.h">
      <Filter>src\states</Filter>
    </ClInclude>
    <ClInclude Include="..\Classes\Entity.h">
      <Filter>src\entities</Filter>
    </ClInclude>
    <ClInclude Include="..\Classes\Player.h">
      <Filter>src\entities</Filter>
    </ClInclude>
    <ClInclude Include="..\Classes\Bullet.h">
      <Filter>src\entities</Filter>
    </ClInclude>
    <ClInclude Include="..\Classes\Utils.h">
      <Filter>src</Filter>
    </ClInclude>
    <ClInclude Include="..\Classes\EnemyScout.h">
      <Filter>src\entities\enemies</Filter>
    </ClInclude>
    <ClInclude Include="..\Classes\MainMenuState.h">
      <Filter>src\states</Filter>
    </ClInclude>
    <ClInclude Include="..\Classes\Wall.h">
      <Filter>src\entities</Filter>
    </ClInclude>
    <ClInclude Include="..\Classes\Physics.h">
      <Filter>src</Filter>
    </ClInclude>
  </ItemGroup>
  <ItemGroup>
    <ResourceCompile Include="game.rc">
      <Filter>resource</Filter>
    </ResourceCompile>
  </ItemGroup>
</Project>